
Microsoft Visual Studio Solution File, Format Version 12.00
# Visual Studio Version 17
VisualStudioVersion = 17.4.33110.190
MinimumVisualStudioVersion = 10.0.40219.1
Project("{FAE04EC0-301F-11D3-BF4B-00C04F79EFBC}") = "DentalApp", "DentalApp.csproj", "{8E38B09A-D75A-4E1C-AF95-E41E882B8445}"
EndProject
Global
	GlobalSection(SolutionConfigurationPlatforms) = preSolution
		Debug|Any CPU = Debug|Any CPU
		Release|Any CPU = Release|Any CPU
	EndGlobalSection
	GlobalSection(ProjectConfigurationPlatforms) = postSolution
		{8E38B09A-D75A-4E1C-AF95-E41E882B8445}.Debug|Any CPU.ActiveCfg = Debug|Any CPU
		{8E38B09A-D75A-4E1C-AF95-E41E882B8445}.Debug|Any CPU.Build.0 = Debug|Any CPU
		{8E38B09A-D75A-4E1C-AF95-E41E882B8445}.Release|Any CPU.ActiveCfg = Release|Any CPU
		{8E38B09A-D75A-4E1C-AF95-E41E882B8445}.Release|Any CPU.Build.0 = Release|Any CPU
	EndGlobalSection
	GlobalSection(SolutionProperties) = preSolution
		HideSolutionNode = FALSE
	EndGlobalSection
	GlobalSection(ExtensibilityGlobals) = postSolution
		SolutionGuid = {0B373131-06CA-4A51-8EB9-1AE13B6FF3F0}
	EndGlobalSection
EndGlobal
